
Microsoft Visual Studio Solution File, Format Version 12.00
# Visual Studio Version 17
VisualStudioVersion = 17.7.34024.191
MinimumVisualStudioVersion = 10.0.40219.1
Project("{FAE04EC0-301F-11D3-BF4B-00C04F79EFBC}") = "xArmServo", "xArmServo.csproj", "{AB54C301-0EAA-461A-93AB-E30F2A56936E}"
EndProject
Project("{FAE04EC0-301F-11D3-BF4B-00C04F79EFBC}") = "TestArmServo", "..\TestArmServo\TestArmServo.csproj", "{B0566024-AD4C-4066-8B85-1770C9CD269D}"
EndProject
Global
	GlobalSection(SolutionConfigurationPlatforms) = preSolution
		Debug|Any CPU = Debug|Any CPU
		Release|Any CPU = Release|Any CPU
	EndGlobalSection
	GlobalSection(ProjectConfigurationPlatforms) = postSolution
		{AB54C301-0EAA-461A-93AB-E30F2A56936E}.Debug|Any CPU.ActiveCfg = Debug|Any CPU
		{AB54C301-0EAA-461A-93AB-E30F2A56936E}.Debug|Any CPU.Build.0 = Debug|Any CPU
		{AB54C301-0EAA-461A-93AB-E30F2A56936E}.Release|Any CPU.ActiveCfg = Release|Any CPU
		{AB54C301-0EAA-461A-93AB-E30F2A56936E}.Release|Any CPU.Build.0 = Release|Any CPU
		{B0566024-AD4C-4066-8B85-1770C9CD269D}.Debug|Any CPU.ActiveCfg = Debug|Any CPU
		{B0566024-AD4C-4066-8B85-1770C9CD269D}.Debug|Any CPU.Build.0 = Debug|Any CPU
		{B0566024-AD4C-4066-8B85-1770C9CD269D}.Release|Any CPU.ActiveCfg = Release|Any CPU
		{B0566024-AD4C-4066-8B85-1770C9CD269D}.Release|Any CPU.Build.0 = Release|Any CPU
	EndGlobalSection
	GlobalSection(SolutionProperties) = preSolution
		HideSolutionNode = FALSE
	EndGlobalSection
	GlobalSection(ExtensibilityGlobals) = postSolution
		SolutionGuid = {4D295E4B-FED1-47EA-9B0E-0802588C5FB7}
	EndGlobalSection
EndGlobal
